
Microsoft Visual Studio Solution File, Format Version 12.00
# Visual Studio Version 17
VisualStudioVersion = 17.1.32421.90
MinimumVisualStudioVersion = 10.0.40219.1
Project("{FAE04EC0-301F-11D3-BF4B-00C04F79EFBC}") = "UI", "UI.csproj", "{BC34EC03-CB68-4A8F-8CED-E2A6383C582B}"
EndProject
Global
	GlobalSection(SolutionConfigurationPlatforms) = preSolution
		Debug|Any CPU = Debug|Any CPU
		Release|Any CPU = Release|Any CPU
	EndGlobalSection
	GlobalSection(ProjectConfigurationPlatforms) = postSolution
		{BC34EC03-CB68-4A8F-8CED-E2A6383C582B}.Debug|Any CPU.ActiveCfg = Debug|Any CPU
		{BC34EC03-CB68-4A8F-8CED-E2A6383C582B}.Debug|Any CPU.Build.0 = Debug|Any CPU
		{BC34EC03-CB68-4A8F-8CED-E2A6383C582B}.Release|Any CPU.ActiveCfg = Release|Any CPU
		{BC34EC03-CB68-4A8F-8CED-E2A6383C582B}.Release|Any CPU.Build.0 = Release|Any CPU
	EndGlobalSection
	GlobalSection(SolutionProperties) = preSolution
		HideSolutionNode = FALSE
	EndGlobalSection
	GlobalSection(ExtensibilityGlobals) = postSolution
		SolutionGuid = {156FDD13-BC19-4E05-BC42-4CCFF070C981}
	EndGlobalSection
EndGlobal
